
Microsoft Visual Studio Solution File, Format Version 12.00
# Visual Studio Version 17
VisualStudioVersion = 17.10.35004.147
MinimumVisualStudioVersion = 10.0.40219.1
Project("{F184B08F-C81C-45F6-A57F-5ABD9991F28F}") = "GoogleForms", "GoogleForms\GoogleForms.vbproj", "{92A23CC1-EA12-46AA-A5AF-2AC64D2D93DB}"
EndProject
Global
	GlobalSection(SolutionConfigurationPlatforms) = preSolution
		Debug|Any CPU = Debug|Any CPU
		Release|Any CPU = Release|Any CPU
	EndGlobalSection
	GlobalSection(ProjectConfigurationPlatforms) = postSolution
		{92A23CC1-EA12-46AA-A5AF-2AC64D2D93DB}.Debug|Any CPU.ActiveCfg = Debug|Any CPU
		{92A23CC1-EA12-46AA-A5AF-2AC64D2D93DB}.Debug|Any CPU.Build.0 = Debug|Any CPU
		{92A23CC1-EA12-46AA-A5AF-2AC64D2D93DB}.Release|Any CPU.ActiveCfg = Release|Any CPU
		{92A23CC1-EA12-46AA-A5AF-2AC64D2D93DB}.Release|Any CPU.Build.0 = Release|Any CPU
	EndGlobalSection
	GlobalSection(SolutionProperties) = preSolution
		HideSolutionNode = FALSE
	EndGlobalSection
	GlobalSection(ExtensibilityGlobals) = postSolution
		SolutionGuid = {35CCBC3C-3DB7-4A75-8E85-0B991C37B3BB}
	EndGlobalSection
EndGlobal
